
Microsoft Visual Studio Solution File, Format Version 12.00
# Visual Studio 2012
Project("{FAE04EC0-301F-11D3-BF4B-00C04F79EFBC}") = "DijkstrasWeb", "DijkstrasWeb\DijkstrasWeb.csproj", "{1B8617E6-C0D9-45F1-BD5D-367ADFB4E8CD}"
EndProject
Project("{FAE04EC0-301F-11D3-BF4B-00C04F79EFBC}") = "DijkstraTwoStackAlgorithm", "DijkstraTwoStackAlgorithm\DijkstraTwoStackAlgorithm.csproj", "{F7BC4F32-9A14-454D-9A56-6BAA8DD16056}"
EndProject
Project("{FAE04EC0-301F-11D3-BF4B-00C04F79EFBC}") = "UnitTests", "UnitTests\UnitTests.csproj", "{498B17D6-E23F-4D53-8822-C7BAEBE5F6BA}"
EndProject
Project("{FAE04EC0-301F-11D3-BF4B-00C04F79EFBC}") = "Calculator", "Calculator\Calculator.csproj", "{34AC4F66-1CB2-4FE5-A290-0165695A003C}"
EndProject
Global
	GlobalSection(SolutionConfigurationPlatforms) = preSolution
		Debug|Any CPU = Debug|Any CPU
		Release|Any CPU = Release|Any CPU
	EndGlobalSection
	GlobalSection(ProjectConfigurationPlatforms) = postSolution
		{1B8617E6-C0D9-45F1-BD5D-367ADFB4E8CD}.Debug|Any CPU.ActiveCfg = Debug|Any CPU
		{1B8617E6-C0D9-45F1-BD5D-367ADFB4E8CD}.Debug|Any CPU.Build.0 = Debug|Any CPU
		{1B8617E6-C0D9-45F1-BD5D-367ADFB4E8CD}.Release|Any CPU.ActiveCfg = Release|Any CPU
		{1B8617E6-C0D9-45F1-BD5D-367ADFB4E8CD}.Release|Any CPU.Build.0 = Release|Any CPU
		{F7BC4F32-9A14-454D-9A56-6BAA8DD16056}.Debug|Any CPU.ActiveCfg = Debug|Any CPU
		{F7BC4F32-9A14-454D-9A56-6BAA8DD16056}.Debug|Any CPU.Build.0 = Debug|Any CPU
		{F7BC4F32-9A14-454D-9A56-6BAA8DD16056}.Release|Any CPU.ActiveCfg = Release|Any CPU
		{F7BC4F32-9A14-454D-9A56-6BAA8DD16056}.Release|Any CPU.Build.0 = Release|Any CPU
		{498B17D6-E23F-4D53-8822-C7BAEBE5F6BA}.Debug|Any CPU.ActiveCfg = Debug|Any CPU
		{498B17D6-E23F-4D53-8822-C7BAEBE5F6BA}.Debug|Any CPU.Build.0 = Debug|Any CPU
		{498B17D6-E23F-4D53-8822-C7BAEBE5F6BA}.Release|Any CPU.ActiveCfg = Release|Any CPU
		{498B17D6-E23F-4D53-8822-C7BAEBE5F6BA}.Release|Any CPU.Build.0 = Release|Any CPU
		{34AC4F66-1CB2-4FE5-A290-0165695A003C}.Debug|Any CPU.ActiveCfg = Debug|Any CPU
		{34AC4F66-1CB2-4FE5-A290-0165695A003C}.Debug|Any CPU.Build.0 = Debug|Any CPU
		{34AC4F66-1CB2-4FE5-A290-0165695A003C}.Release|Any CPU.ActiveCfg = Release|Any CPU
		{34AC4F66-1CB2-4FE5-A290-0165695A003C}.Release|Any CPU.Build.0 = Release|Any CPU
	EndGlobalSection
	GlobalSection(SolutionProperties) = preSolution
		HideSolutionNode = FALSE
	EndGlobalSection
EndGlobal
